
Microsoft Visual Studio Solution File, Format Version 12.00
# Visual Studio Version 16
VisualStudioVersion = 16.0.29613.14
MinimumVisualStudioVersion = 10.0.40219.1
Project("{9A19103F-16F7-4668-BE54-9A1E7A4F7556}") = "Target NETCORE", "NETCORE\Target NETCORE.csproj", "{0F6DA25C-9560-441F-A118-DEE0F6F55096}"
EndProject
Project("{9A19103F-16F7-4668-BE54-9A1E7A4F7556}") = "CORE.Test", "CORE.Test\CORE.Test.csproj", "{B349422E-6C9F-4AE2-92B1-34B02730637C}"
EndProject
Project("{9092AA53-FB77-4645-B42D-1CCCA6BD08BD}") = "UI", "UI\UI.njsproj", "{75EC2A77-FB80-40C8-9254-39155722FE22}"
EndProject
Project("{FAE04EC0-301F-11D3-BF4B-00C04F79EFBC}") = "Spooler", "WindowsService\Spooler\Spooler.csproj", "{A49A1543-64C4-4BAE-9423-57F0295FF2A5}"
EndProject
Project("{54435603-DBB4-11D2-8724-00A0C9A8B90C}") = "SpoolerSetup", "WindowsService\SpoolerSetup\SpoolerSetup.vdproj", "{F4D7D40B-E966-4137-A8E3-06784A76936A}"
EndProject
Project("{2150E333-8FDC-42A3-9474-1A3956D46DE8}") = "windows service", "windows service", "{A3B95B7B-98EC-4558-ACC4-8D407980E4B3}"
EndProject
Project("{2150E333-8FDC-42A3-9474-1A3956D46DE8}") = "test", "test", "{A35B6CE0-5793-4A95-87D7-A95F6C5FEA72}"
EndProject
Project("{2150E333-8FDC-42A3-9474-1A3956D46DE8}") = "infrastructure", "infrastructure", "{E7F79E4E-2220-4C67-A581-A320F50A14B2}"
EndProject
Project("{2150E333-8FDC-42A3-9474-1A3956D46DE8}") = "Services", "Services", "{F9BD10A2-98E4-4D4C-8655-833E04AC3298}"
EndProject
Project("{2150E333-8FDC-42A3-9474-1A3956D46DE8}") = "Presentation", "Presentation", "{C85F2322-76C7-40C0-8022-9B35CD05B72E}"
EndProject
Project("{2150E333-8FDC-42A3-9474-1A3956D46DE8}") = "core", "core", "{CE1E1EC0-029C-43AD-B94F-47BE1445CE0F}"
EndProject
Project("{00D1A9C2-B5F0-4AF3-8072-F6C62B433612}") = "DBSQL", "DBSQL\DBSQL.sqlproj", "{0A951DDD-0777-41D9-9B12-A6D658490BFA}"
EndProject
Project("{9A19103F-16F7-4668-BE54-9A1E7A4F7556}") = "CORE.common", "CORE.common\CORE.common.csproj", "{F5DBC2A6-14D2-4CD6-80A4-E10D3EE946F1}"
EndProject
Project("{9A19103F-16F7-4668-BE54-9A1E7A4F7556}") = "CORE.DAL", "CORE.DAL\CORE.DAL.csproj", "{AD2C1F67-5909-47BB-911A-567FFD60E02A}"
EndProject
Project("{9A19103F-16F7-4668-BE54-9A1E7A4F7556}") = "CORE.Repository", "CORE.Repository\CORE.Repository.csproj", "{3E4EE8C5-916A-48C6-B44A-361714CB7D09}"
EndProject
Project("{9A19103F-16F7-4668-BE54-9A1E7A4F7556}") = "CORE.BL", "CORE.BL\CORE.BL.csproj", "{3EE3EA47-3484-4277-8E34-D3AB18ADDE5E}"
EndProject
Global
	GlobalSection(SolutionConfigurationPlatforms) = preSolution
		Debug|Any CPU = Debug|Any CPU
		Debug|x86 = Debug|x86
		Release|Any CPU = Release|Any CPU
		Release|x86 = Release|x86
	EndGlobalSection
	GlobalSection(ProjectConfigurationPlatforms) = postSolution
		{0F6DA25C-9560-441F-A118-DEE0F6F55096}.Debug|Any CPU.ActiveCfg = Debug|Any CPU
		{0F6DA25C-9560-441F-A118-DEE0F6F55096}.Debug|Any CPU.Build.0 = Debug|Any CPU
		{0F6DA25C-9560-441F-A118-DEE0F6F55096}.Debug|x86.ActiveCfg = Debug|x86
		{0F6DA25C-9560-441F-A118-DEE0F6F55096}.Debug|x86.Build.0 = Debug|x86
		{0F6DA25C-9560-441F-A118-DEE0F6F55096}.Release|Any CPU.ActiveCfg = Release|Any CPU
		{0F6DA25C-9560-441F-A118-DEE0F6F55096}.Release|Any CPU.Build.0 = Release|Any CPU
		{0F6DA25C-9560-441F-A118-DEE0F6F55096}.Release|x86.ActiveCfg = Release|Any CPU
		{0F6DA25C-9560-441F-A118-DEE0F6F55096}.Release|x86.Build.0 = Release|Any CPU
		{B349422E-6C9F-4AE2-92B1-34B02730637C}.Debug|Any CPU.ActiveCfg = Debug|Any CPU
		{B349422E-6C9F-4AE2-92B1-34B02730637C}.Debug|x86.ActiveCfg = Debug|x86
		{B349422E-6C9F-4AE2-92B1-34B02730637C}.Debug|x86.Build.0 = Debug|x86
		{B349422E-6C9F-4AE2-92B1-34B02730637C}.Release|Any CPU.ActiveCfg = Release|Any CPU
		{B349422E-6C9F-4AE2-92B1-34B02730637C}.Release|Any CPU.Build.0 = Release|Any CPU
		{B349422E-6C9F-4AE2-92B1-34B02730637C}.Release|x86.ActiveCfg = Release|Any CPU
		{B349422E-6C9F-4AE2-92B1-34B02730637C}.Release|x86.Build.0 = Release|Any CPU
		{75EC2A77-FB80-40C8-9254-39155722FE22}.Debug|Any CPU.ActiveCfg = Debug|Any CPU
		{75EC2A77-FB80-40C8-9254-39155722FE22}.Debug|x86.ActiveCfg = Debug|Any CPU
		{75EC2A77-FB80-40C8-9254-39155722FE22}.Release|Any CPU.ActiveCfg = Release|Any CPU
		{75EC2A77-FB80-40C8-9254-39155722FE22}.Release|x86.ActiveCfg = Release|Any CPU
		{75EC2A77-FB80-40C8-9254-39155722FE22}.Release|x86.Build.0 = Release|Any CPU
		{A49A1543-64C4-4BAE-9423-57F0295FF2A5}.Debug|Any CPU.ActiveCfg = Debug|Any CPU
		{A49A1543-64C4-4BAE-9423-57F0295FF2A5}.Debug|x86.ActiveCfg = Debug|x86
		{A49A1543-64C4-4BAE-9423-57F0295FF2A5}.Debug|x86.Build.0 = Debug|x86
		{A49A1543-64C4-4BAE-9423-57F0295FF2A5}.Release|Any CPU.ActiveCfg = Release|Any CPU
		{A49A1543-64C4-4BAE-9423-57F0295FF2A5}.Release|Any CPU.Build.0 = Release|Any CPU
		{A49A1543-64C4-4BAE-9423-57F0295FF2A5}.Release|x86.ActiveCfg = Release|x86
		{A49A1543-64C4-4BAE-9423-57F0295FF2A5}.Release|x86.Build.0 = Release|x86
		{F4D7D40B-E966-4137-A8E3-06784A76936A}.Debug|Any CPU.ActiveCfg = Debug
		{F4D7D40B-E966-4137-A8E3-06784A76936A}.Debug|x86.ActiveCfg = Debug
		{F4D7D40B-E966-4137-A8E3-06784A76936A}.Debug|x86.Build.0 = Debug
		{F4D7D40B-E966-4137-A8E3-06784A76936A}.Release|Any CPU.ActiveCfg = Release
		{F4D7D40B-E966-4137-A8E3-06784A76936A}.Release|x86.ActiveCfg = Release
		{F4D7D40B-E966-4137-A8E3-06784A76936A}.Release|x86.Build.0 = Release
		{0A951DDD-0777-41D9-9B12-A6D658490BFA}.Debug|Any CPU.ActiveCfg = Debug|Any CPU
		{0A951DDD-0777-41D9-9B12-A6D658490BFA}.Debug|x86.ActiveCfg = Debug|Any CPU
		{0A951DDD-0777-41D9-9B12-A6D658490BFA}.Debug|x86.Build.0 = Debug|Any CPU
		{0A951DDD-0777-41D9-9B12-A6D658490BFA}.Debug|x86.Deploy.0 = Debug|Any CPU
		{0A951DDD-0777-41D9-9B12-A6D658490BFA}.Release|Any CPU.ActiveCfg = Release|Any CPU
		{0A951DDD-0777-41D9-9B12-A6D658490BFA}.Release|Any CPU.Build.0 = Release|Any CPU
		{0A951DDD-0777-41D9-9B12-A6D658490BFA}.Release|x86.ActiveCfg = Release|Any CPU
		{0A951DDD-0777-41D9-9B12-A6D658490BFA}.Release|x86.Build.0 = Release|Any CPU
		{0A951DDD-0777-41D9-9B12-A6D658490BFA}.Release|x86.Deploy.0 = Release|Any CPU
		{F5DBC2A6-14D2-4CD6-80A4-E10D3EE946F1}.Debug|Any CPU.ActiveCfg = Debug|Any CPU
		{F5DBC2A6-14D2-4CD6-80A4-E10D3EE946F1}.Debug|Any CPU.Build.0 = Debug|Any CPU
		{F5DBC2A6-14D2-4CD6-80A4-E10D3EE946F1}.Debug|x86.ActiveCfg = Debug|Any CPU
		{F5DBC2A6-14D2-4CD6-80A4-E10D3EE946F1}.Debug|x86.Build.0 = Debug|Any CPU
		{F5DBC2A6-14D2-4CD6-80A4-E10D3EE946F1}.Release|Any CPU.ActiveCfg = Release|Any CPU
		{F5DBC2A6-14D2-4CD6-80A4-E10D3EE946F1}.Release|Any CPU.Build.0 = Release|Any CPU
		{F5DBC2A6-14D2-4CD6-80A4-E10D3EE946F1}.Release|x86.ActiveCfg = Release|Any CPU
		{F5DBC2A6-14D2-4CD6-80A4-E10D3EE946F1}.Release|x86.Build.0 = Release|Any CPU
		{AD2C1F67-5909-47BB-911A-567FFD60E02A}.Debug|Any CPU.ActiveCfg = Debug|Any CPU
		{AD2C1F67-5909-47BB-911A-567FFD60E02A}.Debug|Any CPU.Build.0 = Debug|Any CPU
		{AD2C1F67-5909-47BB-911A-567FFD60E02A}.Debug|x86.ActiveCfg = Debug|Any CPU
		{AD2C1F67-5909-47BB-911A-567FFD60E02A}.Debug|x86.Build.0 = Debug|Any CPU
		{AD2C1F67-5909-47BB-911A-567FFD60E02A}.Release|Any CPU.ActiveCfg = Release|Any CPU
		{AD2C1F67-5909-47BB-911A-567FFD60E02A}.Release|Any CPU.Build.0 = Release|Any CPU
		{AD2C1F67-5909-47BB-911A-567FFD60E02A}.Release|x86.ActiveCfg = Release|Any CPU
		{AD2C1F67-5909-47BB-911A-567FFD60E02A}.Release|x86.Build.0 = Release|Any CPU
		{3E4EE8C5-916A-48C6-B44A-361714CB7D09}.Debug|Any CPU.ActiveCfg = Debug|Any CPU
		{3E4EE8C5-916A-48C6-B44A-361714CB7D09}.Debug|Any CPU.Build.0 = Debug|Any CPU
		{3E4EE8C5-916A-48C6-B44A-361714CB7D09}.Debug|x86.ActiveCfg = Debug|Any CPU
		{3E4EE8C5-916A-48C6-B44A-361714CB7D09}.Debug|x86.Build.0 = Debug|Any CPU
		{3E4EE8C5-916A-48C6-B44A-361714CB7D09}.Release|Any CPU.ActiveCfg = Release|Any CPU
		{3E4EE8C5-916A-48C6-B44A-361714CB7D09}.Release|Any CPU.Build.0 = Release|Any CPU
		{3E4EE8C5-916A-48C6-B44A-361714CB7D09}.Release|x86.ActiveCfg = Release|Any CPU
		{3E4EE8C5-916A-48C6-B44A-361714CB7D09}.Release|x86.Build.0 = Release|Any CPU
		{3EE3EA47-3484-4277-8E34-D3AB18ADDE5E}.Debug|Any CPU.ActiveCfg = Debug|Any CPU
		{3EE3EA47-3484-4277-8E34-D3AB18ADDE5E}.Debug|Any CPU.Build.0 = Debug|Any CPU
		{3EE3EA47-3484-4277-8E34-D3AB18ADDE5E}.Debug|x86.ActiveCfg = Debug|Any CPU
		{3EE3EA47-3484-4277-8E34-D3AB18ADDE5E}.Debug|x86.Build.0 = Debug|Any CPU
		{3EE3EA47-3484-4277-8E34-D3AB18ADDE5E}.Release|Any CPU.ActiveCfg = Release|Any CPU
		{3EE3EA47-3484-4277-8E34-D3AB18ADDE5E}.Release|Any CPU.Build.0 = Release|Any CPU
		{3EE3EA47-3484-4277-8E34-D3AB18ADDE5E}.Release|x86.ActiveCfg = Release|Any CPU
		{3EE3EA47-3484-4277-8E34-D3AB18ADDE5E}.Release|x86.Build.0 = Release|Any CPU
	EndGlobalSection
	GlobalSection(SolutionProperties) = preSolution
		HideSolutionNode = FALSE
	EndGlobalSection
	GlobalSection(NestedProjects) = preSolution
		{0F6DA25C-9560-441F-A118-DEE0F6F55096} = {C85F2322-76C7-40C0-8022-9B35CD05B72E}
		{B349422E-6C9F-4AE2-92B1-34B02730637C} = {A35B6CE0-5793-4A95-87D7-A95F6C5FEA72}
		{75EC2A77-FB80-40C8-9254-39155722FE22} = {C85F2322-76C7-40C0-8022-9B35CD05B72E}
		{A49A1543-64C4-4BAE-9423-57F0295FF2A5} = {A3B95B7B-98EC-4558-ACC4-8D407980E4B3}
		{F4D7D40B-E966-4137-A8E3-06784A76936A} = {A3B95B7B-98EC-4558-ACC4-8D407980E4B3}
		{A3B95B7B-98EC-4558-ACC4-8D407980E4B3} = {C85F2322-76C7-40C0-8022-9B35CD05B72E}
		{0A951DDD-0777-41D9-9B12-A6D658490BFA} = {E7F79E4E-2220-4C67-A581-A320F50A14B2}
		{F5DBC2A6-14D2-4CD6-80A4-E10D3EE946F1} = {CE1E1EC0-029C-43AD-B94F-47BE1445CE0F}
		{AD2C1F67-5909-47BB-911A-567FFD60E02A} = {E7F79E4E-2220-4C67-A581-A320F50A14B2}
		{3E4EE8C5-916A-48C6-B44A-361714CB7D09} = {E7F79E4E-2220-4C67-A581-A320F50A14B2}
		{3EE3EA47-3484-4277-8E34-D3AB18ADDE5E} = {F9BD10A2-98E4-4D4C-8655-833E04AC3298}
	EndGlobalSection
	GlobalSection(ExtensibilityGlobals) = postSolution
		SolutionGuid = {E048EE7D-3306-4636-B9C3-9ED2607135BA}
	EndGlobalSection
EndGlobal
